// !$*UTF8*$!
{
	archiveVersion = 1;
	classes = {
	};
	objectVersion = 47;
	objects = {

/* Begin PBXBuildFile section */
		9F1B6D701AD976B300B1A09E /* AppDelegate.swift in Sources */ = {isa = PBXBuildFile; fileRef = 9F1B6D6F1AD976B300B1A09E /* AppDelegate.swift */; };
		9F1B6D751AD976B300B1A09E /* Main.storyboard in Resources */ = {isa = PBXBuildFile; fileRef = 9F1B6D731AD976B300B1A09E /* Main.storyboard */; };
		9F1B6D771AD976B300B1A09E /* Images.xcassets in Resources */ = {isa = PBXBuildFile; fileRef = 9F1B6D761AD976B300B1A09E /* Images.xcassets */; };
		9F1B6D7A1AD976B300B1A09E /* LaunchScreen.xib in Resources */ = {isa = PBXBuildFile; fileRef = 9F1B6D781AD976B300B1A09E /* LaunchScreen.xib */; };
		9F1B6D861AD976B300B1A09E /* HappinessTests.swift in Sources */ = {isa = PBXBuildFile; fileRef = 9F1B6D851AD976B300B1A09E /* HappinessTests.swift */; };
		9F1B6D901AD977FF00B1A09E /* HappinessViewController.swift in Sources */ = {isa = PBXBuildFile; fileRef = 9F1B6D8F1AD977FF00B1A09E /* HappinessViewController.swift */; };
		9F1B6D921AD9798C00B1A09E /* FaceView.swift in Sources */ = {isa = PBXBuildFile; fileRef = 9F1B6D911AD9798C00B1A09E /* FaceView.swift */; };
/* End PBXBuildFile section */

/* Begin PBXContainerItemProxy section */
		9F1B6D801AD976B300B1A09E /* PBXContainerItemProxy */ = {
			isa = PBXContainerItemProxy;
			containerPortal = 9F1B6D621AD976B300B1A09E /* Project object */;
			proxyType = 1;
			remoteGlobalIDString = 9F1B6D691AD976B300B1A09E;
			remoteInfo = Happiness;
		};
/* End PBXContainerItemProxy section */

/* Begin PBXFileReference section */
		9F1B6D6A1AD976B300B1A09E /* Happiness.app */ = {isa = PBXFileReference; explicitFileType = wrapper.application; includeInIndex = 0; path = Happiness.app; sourceTree = BUILT_PRODUCTS_DIR; };
		9F1B6D6E1AD976B300B1A09E /* Info.plist */ = {isa = PBXFileReference; lastKnownFileType = text.plist.xml; path = Info.plist; sourceTree = "<group>"; };
		9F1B6D6F1AD976B300B1A09E /* AppDelegate.swift */ = {isa = PBXFileReference; lastKnownFileType = sourcecode.swift; path = AppDelegate.swift; sourceTree = "<group>"; };
		9F1B6D741AD976B300B1A09E /* Base */ = {isa = PBXFileReference; lastKnownFileType = file.storyboard; name = Base; path = Base.lproj/Main.storyboard; sourceTree = "<group>"; };
		9F1B6D761AD976B300B1A09E /* Images.xcassets */ = {isa = PBXFileReference; lastKnownFileType = folder.assetcatalog; path = Images.xcassets; sourceTree = "<group>"; };
		9F1B6D791AD976B300B1A09E /* Base */ = {isa = PBXFileReference; lastKnownFileType = file.xib; name = Base; path = Base.lproj/LaunchScreen.xib; sourceTree = "<group>"; };
		9F1B6D7F1AD976B300B1A09E /* HappinessTests.xctest */ = {isa = PBXFileReference; explicitFileType = wrapper.cfbundle; includeInIndex = 0; path = HappinessTests.xctest; sourceTree = BUILT_PRODUCTS_DIR; };
		9F1B6D841AD976B300B1A09E /* Info.plist */ = {isa = PBXFileReference; lastKnownFileType = text.plist.xml; path = Info.plist; sourceTree = "<group>"; };
		9F1B6D851AD976B300B1A09E /* HappinessTests.swift */ = {isa = PBXFileReference; lastKnownFileType = sourcecode.swift; path = HappinessTests.swift; sourceTree = "<group>"; };
		9F1B6D8F1AD977FF00B1A09E /* HappinessViewController.swift */ = {isa = PBXFileReference; fileEncoding = 4; lastKnownFileType = sourcecode.swift; path = HappinessViewController.swift; sourceTree = "<group>"; };
		9F1B6D911AD9798C00B1A09E /* FaceView.swift */ = {isa = PBXFileReference; fileEncoding = 4; lastKnownFileType = sourcecode.swift; path = FaceView.swift; sourceTree = "<group>"; };
/* End PBXFileReference section */

/* Begin PBXFrameworksBuildPhase section */
		9F1B6D671AD976B300B1A09E /* Frameworks */ = {
			isa = PBXFrameworksBuildPhase;
			buildActionMask = 2147483647;
			files = (
			);
			runOnlyForDeploymentPostprocessing = 0;
		};
		9F1B6D7C1AD976B300B1A09E /* Frameworks */ = {
			isa = PBXFrameworksBuildPhase;
			buildActionMask = 2147483647;
			files = (
			);
			runOnlyForDeploymentPostprocessing = 0;
		};
/* End PBXFrameworksBuildPhase section */

/* Begin PBXGroup section */
		9F1B6D611AD976B300B1A09E = {
			isa = PBXGroup;
			children = (
				9F1B6D6C1AD976B300B1A09E /* Happiness */,
				9F1B6D821AD976B300B1A09E /* HappinessTests */,
				9F1B6D6B1AD976B300B1A09E /* Products */,
			);
			sourceTree = "<group>";
		};
		9F1B6D6B1AD976B300B1A09E /* Products */ = {
			isa = PBXGroup;
			children = (
				9F1B6D6A1AD976B300B1A09E /* Happiness.app */,
				9F1B6D7F1AD976B300B1A09E /* HappinessTests.xctest */,
			);
			name = Products;
			sourceTree = "<group>";
		};
		9F1B6D6C1AD976B300B1A09E /* Happiness */ = {
			isa = PBXGroup;
			children = (
				9F1B6D731AD976B300B1A09E /* Main.storyboard */,
				9F1B6D8F1AD977FF00B1A09E /* HappinessViewController.swift */,
				9F1B6D911AD9798C00B1A09E /* FaceView.swift */,
				9F1B6D6D1AD976B300B1A09E /* Supporting Files */,
			);
			path = Happiness;
			sourceTree = "<group>";
		};
		9F1B6D6D1AD976B300B1A09E /* Supporting Files */ = {
			isa = PBXGroup;
			children = (
				9F1B6D761AD976B300B1A09E /* Images.xcassets */,
				9F1B6D781AD976B300B1A09E /* LaunchScreen.xib */,
				9F1B6D6F1AD976B300B1A09E /* AppDelegate.swift */,
				9F1B6D6E1AD976B300B1A09E /* Info.plist */,
			);
			name = "Supporting Files";
			sourceTree = "<group>";
		};
		9F1B6D821AD976B300B1A09E /* HappinessTests */ = {
			isa = PBXGroup;
			children = (
				9F1B6D851AD976B300B1A09E /* HappinessTests.swift */,
				9F1B6D831AD976B300B1A09E /* Supporting Files */,
			);
			path = HappinessTests;
			sourceTree = "<group>";
		};
		9F1B6D831AD976B300B1A09E /* Supporting Files */ = {
			isa = PBXGroup;
			children = (
				9F1B6D841AD976B300B1A09E /* Info.plist */,
			);
			name = "Supporting Files";
			sourceTree = "<group>";
		};
/* End PBXGroup section */

/* Begin PBXNativeTarget section */
		9F1B6D691AD976B300B1A09E /* Happiness */ = {
			isa = PBXNativeTarget;
			buildConfigurationList = 9F1B6D891AD976B300B1A09E /* Build configuration list for PBXNativeTarget "Happiness" */;
			buildPhases = (
				9F1B6D661AD976B300B1A09E /* Sources */,
				9F1B6D671AD976B300B1A09E /* Frameworks */,
				9F1B6D681AD976B300B1A09E /* Resources */,
			);
			buildRules = (
			);
			dependencies = (
			);
			name = Happiness;
			productName = Happiness;
			productReference = 9F1B6D6A1AD976B300B1A09E /* Happiness.app */;
			productType = "com.apple.product-type.application";
		};
		9F1B6D7E1AD976B300B1A09E /* HappinessTests */ = {
			isa = PBXNativeTarget;
			buildConfigurationList = 9F1B6D8C1AD976B300B1A09E /* Build configuration list for PBXNativeTarget "HappinessTests" */;
			buildPhases = (
				9F1B6D7B1AD976B300B1A09E /* Sources */,
				9F1B6D7C1AD976B300B1A09E /* Frameworks */,
				9F1B6D7D1AD976B300B1A09E /* Resources */,
			);
			buildRules = (
			);
			dependencies = (
				9F1B6D811AD976B300B1A09E /* PBXTargetDependency */,
			);
			name = HappinessTests;
			productName = HappinessTests;
			productReference = 9F1B6D7F1AD976B300B1A09E /* HappinessTests.xctest */;
			productType = "com.apple.product-type.bundle.unit-test";
		};
/* End PBXNativeTarget section */

/* Begin PBXProject section */
		9F1B6D621AD976B300B1A09E /* Project object */ = {
			isa = PBXProject;
			attributes = {
				LastUpgradeCheck = 0620;
				ORGANIZATIONNAME = "Robert Collins";
				TargetAttributes = {
					9F1B6D691AD976B300B1A09E = {
						CreatedOnToolsVersion = 6.2;
						DevelopmentTeam = 5XJDRH2P2D;
					};
					9F1B6D7E1AD976B300B1A09E = {
						CreatedOnToolsVersion = 6.2;
						TestTargetID = 9F1B6D691AD976B300B1A09E;
					};
				};
			};
			buildConfigurationList = 9F1B6D651AD976B300B1A09E /* Build configuration list for PBXProject "Happiness" */;
			compatibilityVersion = "Xcode 6.3";
			developmentRegion = English;
			hasScannedForEncodings = 0;
			knownRegions = (
				en,
				Base,
			);
			mainGroup = 9F1B6D611AD976B300B1A09E;
			productRefGroup = 9F1B6D6B1AD976B300B1A09E /* Products */;
			projectDirPath = "";
			projectRoot = "";
			targets = (
				9F1B6D691AD976B300B1A09E /* Happiness */,
				9F1B6D7E1AD976B300B1A09E /* HappinessTests */,
			);
		};
/* End PBXProject section */

/* Begin PBXResourcesBuildPhase section */
		9F1B6D681AD976B300B1A09E /* Resources */ = {
			isa = PBXResourcesBuildPhase;
			buildActionMask = 2147483647;
			files = (
				9F1B6D751AD976B300B1A09E /* Main.storyboard in Resources */,
				9F1B6D7A1AD976B300B1A09E /* LaunchScreen.xib in Resources */,
				9F1B6D771AD976B300B1A09E /* Images.xcassets in Resources */,
			);
			runOnlyForDeploymentPostprocessing = 0;
		};
		9F1B6D7D1AD976B300B1A09E /* Resources */ = {
			isa = PBXResourcesBuildPhase;
			buildActionMask = 2147483647;
			files = (
			);
			runOnlyForDeploymentPostprocessing = 0;
		};
/* End PBXResourcesBuildPhase section */

/* Begin PBXSourcesBuildPhase section */
		9F1B6D661AD976B300B1A09E /* Sources */ = {
			isa = PBXSourcesBuildPhase;
			buildActionMask = 2147483647;
			files = (
				9F1B6D901AD977FF00B1A09E /* HappinessViewController.swift in Sources */,
				9F1B6D701AD976B300B1A09E /* AppDelegate.swift in Sources */,
				9F1B6D921AD9798C00B1A09E /* FaceView.swift in Sources */,
			);
			runOnlyForDeploymentPostprocessing = 0;
		};
		9F1B6D7B1AD976B300B1A09E /* Sources */ = {
			isa = PBXSourcesBuildPhase;
			buildActionMask = 2147483647;
			files = (
				9F1B6D861AD976B300B1A09E /* HappinessTests.swift in Sources */,
			);
			runOnlyForDeploymentPostprocessing = 0;
		};
/* End PBXSourcesBuildPhase section */

/* Begin PBXTargetDependency section */
		9F1B6D811AD976B300B1A09E /* PBXTargetDependency */ = {
			isa = PBXTargetDependency;
			target = 9F1B6D691AD976B300B1A09E /* Happiness */;
			targetProxy = 9F1B6D801AD976B300B1A09E /* PBXContainerItemProxy */;
		};
/* End PBXTargetDependency section */

/* Begin PBXVariantGroup section */
		9F1B6D731AD976B300B1A09E /* Main.storyboard */ = {
			isa = PBXVariantGroup;
			children = (
				9F1B6D741AD976B300B1A09E /* Base */,
			);
			name = Main.storyboard;
			sourceTree = "<group>";
		};
		9F1B6D781AD976B300B1A09E /* LaunchScreen.xib */ = {
			isa = PBXVariantGroup;
			children = (
				9F1B6D791AD976B300B1A09E /* Base */,
			);
			name = LaunchScreen.xib;
			sourceTree = "<group>";
		};
/* End PBXVariantGroup section */

/* Begin XCBuildConfiguration section */
		9F1B6D871AD976B300B1A09E /* Debug */ = {
			isa = XCBuildConfiguration;
			buildSettings = {
				ALWAYS_SEARCH_USER_PATHS = NO;
				CLANG_CXX_LANGUAGE_STANDARD = "gnu++0x";
				CLANG_CXX_LIBRARY = "libc++";
				CLANG_ENABLE_MODULES = YES;
				CLANG_ENABLE_OBJC_ARC = YES;
				CLANG_WARN_BOOL_CONVERSION = YES;
				CLANG_WARN_CONSTANT_CONVERSION = YES;
				CLANG_WARN_DIRECT_OBJC_ISA_USAGE = YES_ERROR;
				CLANG_WARN_EMPTY_BODY = YES;
				CLANG_WARN_ENUM_CONVERSION = YES;
				CLANG_WARN_INT_CONVERSION = YES;
				CLANG_WARN_OBJC_ROOT_CLASS = YES_ERROR;
				CLANG_WARN_UNREACHABLE_CODE = YES;
				CLANG_WARN__DUPLICATE_METHOD_MATCH = YES;
				"CODE_SIGN_IDENTITY[sdk=iphoneos*]" = "iPhone Developer";
				COPY_PHASE_STRIP = NO;
				ENABLE_STRICT_OBJC_MSGSEND = YES;
				GCC_C_LANGUAGE_STANDARD = gnu99;
				GCC_DYNAMIC_NO_PIC = NO;
				GCC_OPTIMIZATION_LEVEL = 0;
				GCC_PREPROCESSOR_DEFINITIONS = (
					"DEBUG=1",
					"$(inherited)",
				);
				GCC_SYMBOLS_PRIVATE_EXTERN = NO;
				GCC_WARN_64_TO_32_BIT_CONVERSION = YES;
				GCC_WARN_ABOUT_RETURN_TYPE = YES_ERROR;
				GCC_WARN_UNDECLARED_SELECTOR = YES;
				GCC_WARN_UNINITIALIZED_AUTOS = YES_AGGRESSIVE;
				GCC_WARN_UNUSED_FUNCTION = YES;
				GCC_WARN_UNUSED_VARIABLE = YES;
				IPHONEOS_DEPLOYMENT_TARGET = 8.1;
				MTL_ENABLE_DEBUG_INFO = YES;
				ONLY_ACTIVE_ARCH = YES;
				PROVISIONING_PROFILE = "2f99b4ae-164f-4603-a999-163453db24ff";
				SDKROOT = iphoneos;
				SWIFT_OPTIMIZATION_LEVEL = "-Onone";
				TARGETED_DEVICE_FAMILY = "1,2";
			};
			name = Debug;
		};
		9F1B6D881AD976B300B1A09E /* Release */ = {
			isa = XCBuildConfiguration;
			buildSettings = {
				ALWAYS_SEARCH_USER_PATHS = NO;
				CLANG_CXX_LANGUAGE_STANDARD = "gnu++0x";
				CLANG_CXX_LIBRARY = "libc++";
				CLANG_ENABLE_MODULES = YES;
				CLANG_ENABLE_OBJC_ARC = YES;
				CLANG_WARN_BOOL_CONVERSION = YES;
				CLANG_WARN_CONSTANT_CONVERSION = YES;
				CLANG_WARN_DIRECT_OBJC_ISA_USAGE = YES_ERROR;
				CLANG_WARN_EMPTY_BODY = YES;
				CLANG_WARN_ENUM_CONVERSION = YES;
				CLANG_WARN_INT_CONVERSION = YES;
				CLANG_WARN_OBJC_ROOT_CLASS = YES_ERROR;
				CLANG_WARN_UNREACHABLE_CODE = YES;
				CLANG_WARN__DUPLICATE_METHOD_MATCH = YES;
				"CODE_SIGN_IDENTITY[sdk=iphoneos*]" = "iPhone Developer";
				COPY_PHASE_STRIP = NO;
				ENABLE_NS_ASSERTIONS = NO;
				ENABLE_STRICT_OBJC_MSGSEND = YES;
				GCC_C_LANGUAGE_STANDARD = gnu99;
				GCC_WARN_64_TO_32_BIT_CONVERSION = YES;
				GCC_WARN_ABOUT_RETURN_TYPE = YES_ERROR;
				GCC_WARN_UNDECLARED_SELECTOR = YES;
				GCC_WARN_UNINITIALIZED_AUTOS = YES_AGGRESSIVE;
				GCC_WARN_UNUSED_FUNCTION = YES;
				GCC_WARN_UNUSED_VARIABLE = YES;
				IPHONEOS_DEPLOYMENT_TARGET = 8.1;
				MTL_ENABLE_DEBUG_INFO = NO;
				PROVISIONING_PROFILE = "2f99b4ae-164f-4603-a999-163453db24ff";
				SDKROOT = iphoneos;
				TARGETED_DEVICE_FAMILY = "1,2";
				VALIDATE_PRODUCT = YES;
			};
			name = Release;
		};
		9F1B6D8A1AD976B300B1A09E /* Debug */ = {
			isa = XCBuildConfiguration;
			buildSettings = {
				ASSETCATALOG_COMPILER_APPICON_NAME = AppIcon;
				CODE_SIGN_IDENTITY = "iPhone Developer";
				"CODE_SIGN_IDENTITY[sdk=iphoneos*]" = "iPhone Developer";
				INFOPLIST_FILE = Happiness/Info.plist;
				LD_RUNPATH_SEARCH_PATHS = "$(inherited) @executable_path/Frameworks";
				PRODUCT_NAME = "$(TARGET_NAME)";
				PROVISIONING_PROFILE = "2f99b4ae-164f-4603-a999-163453db24ff";
			};
			name = Debug;
		};
		9F1B6D8B1AD976B300B1A09E /* Release */ = {
			isa = XCBuildConfiguration;
			buildSettings = {
				ASSETCATALOG_COMPILER_APPICON_NAME = AppIcon;
				CODE_SIGN_IDENTITY = "iPhone Developer";
				"CODE_SIGN_IDENTITY[sdk=iphoneos*]" = "iPhone Developer";
				INFOPLIST_FILE = Happiness/Info.plist;
				LD_RUNPATH_SEARCH_PATHS = "$(inherited) @executable_path/Frameworks";
				PRODUCT_NAME = "$(TARGET_NAME)";
				PROVISIONING_PROFILE = "2f99b4ae-164f-4603-a999-163453db24ff";
			};
			name = Release;
		};
		9F1B6D8D1AD976B300B1A09E /* Debug */ = {
			isa = XCBuildConfiguration;
			buildSettings = {
				BUNDLE_LOADER = "$(TEST_HOST)";
				FRAMEWORK_SEARCH_PATHS = (
					"$(SDKROOT)/Developer/Library/Frameworks",
					"$(inherited)",
				);
				GCC_PREPROCESSOR_DEFINITIONS = (
					"DEBUG=1",
					"$(inherited)",
				);
				INFOPLIST_FILE = HappinessTests/Info.plist;
				LD_RUNPATH_SEARCH_PATHS = "$(inherited) @executable_path/Frameworks @loader_path/Frameworks";
				PRODUCT_NAME = "$(TARGET_NAME)";
				TEST_HOST = "$(BUILT_PRODUCTS_DIR)/Happiness.app/Happiness";
			};
			name = Debug;
		};
		9F1B6D8E1AD976B300B1A09E /* Release */ = {
			isa = XCBuildConfiguration;
			buildSettings = {
				BUNDLE_LOADER = "$(TEST_HOST)";
				FRAMEWORK_SEARCH_PATHS = (
					"$(SDKROOT)/Developer/Library/Frameworks",
					"$(inherited)",
				);
				INFOPLIST_FILE = HappinessTests/Info.plist;
				LD_RUNPATH_SEARCH_PATHS = "$(inherited) @executable_path/Frameworks @loader_path/Frameworks";
				PRODUCT_NAME = "$(TARGET_NAME)";
				TEST_HOST = "$(BUILT_PRODUCTS_DIR)/Happiness.app/Happiness";
			};
			name = Release;
		};
/* End XCBuildConfiguration section */

/* Begin XCConfigurationList section */
		9F1B6D651AD976B300B1A09E /* Build configuration list for PBXProject "Happiness" */ = {
			isa = XCConfigurationList;
			buildConfigurations = (
				9F1B6D871AD976B300B1A09E /* Debug */,
				9F1B6D881AD976B300B1A09E /* Release */,
			);
			defaultConfigurationIsVisible = 0;
			defaultConfigurationName = Release;
		};
		9F1B6D891AD976B300B1A09E /* Build configuration list for PBXNativeTarget "Happiness" */ = {
			isa = XCConfigurationList;
			buildConfigurations = (
				9F1B6D8A1AD976B300B1A09E /* Debug */,
				9F1B6D8B1AD976B300B1A09E /* Release */,
			);
			defaultConfigurationIsVisible = 0;
			defaultConfigurationName = Release;
		};
		9F1B6D8C1AD976B300B1A09E /* Build configuration list for PBXNativeTarget "HappinessTests" */ = {
			isa = XCConfigurationList;
			buildConfigurations = (
				9F1B6D8D1AD976B300B1A09E /* Debug */,
				9F1B6D8E1AD976B300B1A09E /* Release */,
			);
			defaultConfigurationIsVisible = 0;
			defaultConfigurationName = Release;
		};
/* End XCConfigurationList section */
	};
	rootObject = 9F1B6D621AD976B300B1A09E /* Project object */;
}
